
Microsoft Visual Studio Solution File, Format Version 12.00
Project("{FAE04EC0-301F-11D3-BF4B-00C04F79EFBC}") = "BLL", "BLL\BLL.csproj", "{CC2F8E85-34ED-42C4-9727-9BB032F01912}"
EndProject
Project("{FAE04EC0-301F-11D3-BF4B-00C04F79EFBC}") = "Core", "Core\Core.csproj", "{11C3866C-5BA6-49D5-8962-980A4DFC9A77}"
EndProject
Project("{FAE04EC0-301F-11D3-BF4B-00C04F79EFBC}") = "DAL", "DAL\DAL.csproj", "{D77981F9-B2DA-4A26-A909-E43CC2EA5152}"
EndProject
Project("{FAE04EC0-301F-11D3-BF4B-00C04F79EFBC}") = "UIL", "UIL\UIL.csproj", "{40A79205-C96B-4488-A778-6CECB5862F8E}"
EndProject
Project("{FAE04EC0-301F-11D3-BF4B-00C04F79EFBC}") = "Mapping", "Mapping\Mapping.csproj", "{97B64EA6-B086-4E47-A287-6635824F470F}"
EndProject
Global
	GlobalSection(SolutionConfigurationPlatforms) = preSolution
		Debug|Any CPU = Debug|Any CPU
		Release|Any CPU = Release|Any CPU
	EndGlobalSection
	GlobalSection(ProjectConfigurationPlatforms) = postSolution
		{CC2F8E85-34ED-42C4-9727-9BB032F01912}.Debug|Any CPU.ActiveCfg = Debug|Any CPU
		{CC2F8E85-34ED-42C4-9727-9BB032F01912}.Debug|Any CPU.Build.0 = Debug|Any CPU
		{CC2F8E85-34ED-42C4-9727-9BB032F01912}.Release|Any CPU.ActiveCfg = Release|Any CPU
		{CC2F8E85-34ED-42C4-9727-9BB032F01912}.Release|Any CPU.Build.0 = Release|Any CPU
		{11C3866C-5BA6-49D5-8962-980A4DFC9A77}.Debug|Any CPU.ActiveCfg = Debug|Any CPU
		{11C3866C-5BA6-49D5-8962-980A4DFC9A77}.Debug|Any CPU.Build.0 = Debug|Any CPU
		{11C3866C-5BA6-49D5-8962-980A4DFC9A77}.Release|Any CPU.ActiveCfg = Release|Any CPU
		{11C3866C-5BA6-49D5-8962-980A4DFC9A77}.Release|Any CPU.Build.0 = Release|Any CPU
		{D77981F9-B2DA-4A26-A909-E43CC2EA5152}.Debug|Any CPU.ActiveCfg = Debug|Any CPU
		{D77981F9-B2DA-4A26-A909-E43CC2EA5152}.Debug|Any CPU.Build.0 = Debug|Any CPU
		{D77981F9-B2DA-4A26-A909-E43CC2EA5152}.Release|Any CPU.ActiveCfg = Release|Any CPU
		{D77981F9-B2DA-4A26-A909-E43CC2EA5152}.Release|Any CPU.Build.0 = Release|Any CPU
		{40A79205-C96B-4488-A778-6CECB5862F8E}.Debug|Any CPU.ActiveCfg = Debug|Any CPU
		{40A79205-C96B-4488-A778-6CECB5862F8E}.Debug|Any CPU.Build.0 = Debug|Any CPU
		{40A79205-C96B-4488-A778-6CECB5862F8E}.Release|Any CPU.ActiveCfg = Release|Any CPU
		{40A79205-C96B-4488-A778-6CECB5862F8E}.Release|Any CPU.Build.0 = Release|Any CPU
		{97B64EA6-B086-4E47-A287-6635824F470F}.Debug|Any CPU.ActiveCfg = Debug|Any CPU
		{97B64EA6-B086-4E47-A287-6635824F470F}.Debug|Any CPU.Build.0 = Debug|Any CPU
		{97B64EA6-B086-4E47-A287-6635824F470F}.Release|Any CPU.ActiveCfg = Release|Any CPU
		{97B64EA6-B086-4E47-A287-6635824F470F}.Release|Any CPU.Build.0 = Release|Any CPU
	EndGlobalSection
EndGlobal
